// !$*UTF8*$!
{
	archiveVersion = 1;
	classes = {
	};
	objectVersion = 56;
	objects = {

/* Begin PBXBuildFile section */
		4792A4A92B0B333F005E6122 /* AppDelegate.swift in Sources */ = {isa = PBXBuildFile; fileRef = 4792A4A82B0B333F005E6122 /* AppDelegate.swift */; };
		4792A4AB2B0B333F005E6122 /* SceneDelegate.swift in Sources */ = {isa = PBXBuildFile; fileRef = 4792A4AA2B0B333F005E6122 /* SceneDelegate.swift */; };
		4792A4AD2B0B333F005E6122 /* ViewController.swift in Sources */ = {isa = PBXBuildFile; fileRef = 4792A4AC2B0B333F005E6122 /* ViewController.swift */; };
		4792A4B02B0B333F005E6122 /* Main.storyboard in Resources */ = {isa = PBXBuildFile; fileRef = 4792A4AE2B0B333F005E6122 /* Main.storyboard */; };
		4792A4B22B0B3340005E6122 /* Assets.xcassets in Resources */ = {isa = PBXBuildFile; fileRef = 4792A4B12B0B3340005E6122 /* Assets.xcassets */; };
		4792A4B52B0B3340005E6122 /* LaunchScreen.storyboard in Resources */ = {isa = PBXBuildFile; fileRef = 4792A4B32B0B3340005E6122 /* LaunchScreen.storyboard */; };
		4792A4C02B0B3340005E6122 /* MySecondProjectTests.swift in Sources */ = {isa = PBXBuildFile; fileRef = 4792A4BF2B0B3340005E6122 /* MySecondProjectTests.swift */; };
		4792A4CA2B0B3340005E6122 /* MySecondProjectUITests.swift in Sources */ = {isa = PBXBuildFile; fileRef = 4792A4C92B0B3340005E6122 /* MySecondProjectUITests.swift */; };
		4792A4CC2B0B3340005E6122 /* MySecondProjectUITestsLaunchTests.swift in Sources */ = {isa = PBXBuildFile; fileRef = 4792A4CB2B0B3340005E6122 /* MySecondProjectUITestsLaunchTests.swift */; };
/* End PBXBuildFile section */

/* Begin PBXContainerItemProxy section */
		4792A4BC2B0B3340005E6122 /* PBXContainerItemProxy */ = {
			isa = PBXContainerItemProxy;
			containerPortal = 4792A49D2B0B333F005E6122 /* Project object */;
			proxyType = 1;
			remoteGlobalIDString = 4792A4A42B0B333F005E6122;
			remoteInfo = MySecondProject;
		};
		4792A4C62B0B3340005E6122 /* PBXContainerItemProxy */ = {
			isa = PBXContainerItemProxy;
			containerPortal = 4792A49D2B0B333F005E6122 /* Project object */;
			proxyType = 1;
			remoteGlobalIDString = 4792A4A42B0B333F005E6122;
			remoteInfo = MySecondProject;
		};
/* End PBXContainerItemProxy section */

/* Begin PBXFileReference section */
		4792A4A52B0B333F005E6122 /* MySecondProject.app */ = {isa = PBXFileReference; explicitFileType = wrapper.application; includeInIndex = 0; path = MySecondProject.app; sourceTree = BUILT_PRODUCTS_DIR; };
		4792A4A82B0B333F005E6122 /* AppDelegate.swift */ = {isa = PBXFileReference; lastKnownFileType = sourcecode.swift; path = AppDelegate.swift; sourceTree = "<group>"; };
		4792A4AA2B0B333F005E6122 /* SceneDelegate.swift */ = {isa = PBXFileReference; lastKnownFileType = sourcecode.swift; path = SceneDelegate.swift; sourceTree = "<group>"; };
		4792A4AC2B0B333F005E6122 /* ViewController.swift */ = {isa = PBXFileReference; lastKnownFileType = sourcecode.swift; path = ViewController.swift; sourceTree = "<group>"; };
		4792A4AF2B0B333F005E6122 /* Base */ = {isa = PBXFileReference; lastKnownFileType = file.storyboard; name = Base; path = Base.lproj/Main.storyboard; sourceTree = "<group>"; };
		4792A4B12B0B3340005E6122 /* Assets.xcassets */ = {isa = PBXFileReference; lastKnownFileType = folder.assetcatalog; path = Assets.xcassets; sourceTree = "<group>"; };
		4792A4B42B0B3340005E6122 /* Base */ = {isa = PBXFileReference; lastKnownFileType = file.storyboard; name = Base; path = Base.lproj/LaunchScreen.storyboard; sourceTree = "<group>"; };
		4792A4B62B0B3340005E6122 /* Info.plist */ = {isa = PBXFileReference; lastKnownFileType = text.plist.xml; path = Info.plist; sourceTree = "<group>"; };
		4792A4BB2B0B3340005E6122 /* MySecondProjectTests.xctest */ = {isa = PBXFileReference; explicitFileType = wrapper.cfbundle; includeInIndex = 0; path = MySecondProjectTests.xctest; sourceTree = BUILT_PRODUCTS_DIR; };
		4792A4BF2B0B3340005E6122 /* MySecondProjectTests.swift */ = {isa = PBXFileReference; lastKnownFileType = sourcecode.swift; path = MySecondProjectTests.swift; sourceTree = "<group>"; };
		4792A4C52B0B3340005E6122 /* MySecondProjectUITests.xctest */ = {isa = PBXFileReference; explicitFileType = wrapper.cfbundle; includeInIndex = 0; path = MySecondProjectUITests.xctest; sourceTree = BUILT_PRODUCTS_DIR; };
		4792A4C92B0B3340005E6122 /* MySecondProjectUITests.swift */ = {isa = PBXFileReference; lastKnownFileType = sourcecode.swift; path = MySecondProjectUITests.swift; sourceTree = "<group>"; };
		4792A4CB2B0B3340005E6122 /* MySecondProjectUITestsLaunchTests.swift */ = {isa = PBXFileReference; lastKnownFileType = sourcecode.swift; path = MySecondProjectUITestsLaunchTests.swift; sourceTree = "<group>"; };
/* End PBXFileReference section */

/* Begin PBXFrameworksBuildPhase section */
		4792A4A22B0B333F005E6122 /* Frameworks */ = {
			isa = PBXFrameworksBuildPhase;
			buildActionMask = 2147483647;
			files = (
			);
			runOnlyForDeploymentPostprocessing = 0;
		};
		4792A4B82B0B3340005E6122 /* Frameworks */ = {
			isa = PBXFrameworksBuildPhase;
			buildActionMask = 2147483647;
			files = (
			);
			runOnlyForDeploymentPostprocessing = 0;
		};
		4792A4C22B0B3340005E6122 /* Frameworks */ = {
			isa = PBXFrameworksBuildPhase;
			buildActionMask = 2147483647;
			files = (
			);
			runOnlyForDeploymentPostprocessing = 0;
		};
/* End PBXFrameworksBuildPhase section */

/* Begin PBXGroup section */
		4792A49C2B0B333F005E6122 = {
			isa = PBXGroup;
			children = (
				4792A4A72B0B333F005E6122 /* MySecondProject */,
				4792A4BE2B0B3340005E6122 /* MySecondProjectTests */,
				4792A4C82B0B3340005E6122 /* MySecondProjectUITests */,
				4792A4A62B0B333F005E6122 /* Products */,
			);
			sourceTree = "<group>";
		};
		4792A4A62B0B333F005E6122 /* Products */ = {
			isa = PBXGroup;
			children = (
				4792A4A52B0B333F005E6122 /* MySecondProject.app */,
				4792A4BB2B0B3340005E6122 /* MySecondProjectTests.xctest */,
				4792A4C52B0B3340005E6122 /* MySecondProjectUITests.xctest */,
			);
			name = Products;
			sourceTree = "<group>";
		};
		4792A4A72B0B333F005E6122 /* MySecondProject */ = {
			isa = PBXGroup;
			children = (
				4792A4A82B0B333F005E6122 /* AppDelegate.swift */,
				4792A4AA2B0B333F005E6122 /* SceneDelegate.swift */,
				4792A4AC2B0B333F005E6122 /* ViewController.swift */,
				4792A4AE2B0B333F005E6122 /* Main.storyboard */,
				4792A4B12B0B3340005E6122 /* Assets.xcassets */,
				4792A4B32B0B3340005E6122 /* LaunchScreen.storyboard */,
				4792A4B62B0B3340005E6122 /* Info.plist */,
			);
			path = MySecondProject;
			sourceTree = "<group>";
		};
		4792A4BE2B0B3340005E6122 /* MySecondProjectTests */ = {
			isa = PBXGroup;
			children = (
				4792A4BF2B0B3340005E6122 /* MySecondProjectTests.swift */,
			);
			path = MySecondProjectTests;
			sourceTree = "<group>";
		};
		4792A4C82B0B3340005E6122 /* MySecondProjectUITests */ = {
			isa = PBXGroup;
			children = (
				4792A4C92B0B3340005E6122 /* MySecondProjectUITests.swift */,
				4792A4CB2B0B3340005E6122 /* MySecondProjectUITestsLaunchTests.swift */,
			);
			path = MySecondProjectUITests;
			sourceTree = "<group>";
		};
/* End PBXGroup section */

/* Begin PBXNativeTarget section */
		4792A4A42B0B333F005E6122 /* MySecondProject */ = {
			isa = PBXNativeTarget;
			buildConfigurationList = 4792A4CF2B0B3340005E6122 /* Build configuration list for PBXNativeTarget "MySecondProject" */;
			buildPhases = (
				4792A4A12B0B333F005E6122 /* Sources */,
				4792A4A22B0B333F005E6122 /* Frameworks */,
				4792A4A32B0B333F005E6122 /* Resources */,
			);
			buildRules = (
			);
			dependencies = (
			);
			name = MySecondProject;
			productName = MySecondProject;
			productReference = 4792A4A52B0B333F005E6122 /* MySecondProject.app */;
			productType = "com.apple.product-type.application";
		};
		4792A4BA2B0B3340005E6122 /* MySecondProjectTests */ = {
			isa = PBXNativeTarget;
			buildConfigurationList = 4792A4D22B0B3340005E6122 /* Build configuration list for PBXNativeTarget "MySecondProjectTests" */;
			buildPhases = (
				4792A4B72B0B3340005E6122 /* Sources */,
				4792A4B82B0B3340005E6122 /* Frameworks */,
				4792A4B92B0B3340005E6122 /* Resources */,
			);
			buildRules = (
			);
			dependencies = (
				4792A4BD2B0B3340005E6122 /* PBXTargetDependency */,
			);
			name = MySecondProjectTests;
			productName = MySecondProjectTests;
			productReference = 4792A4BB2B0B3340005E6122 /* MySecondProjectTests.xctest */;
			productType = "com.apple.product-type.bundle.unit-test";
		};
		4792A4C42B0B3340005E6122 /* MySecondProjectUITests */ = {
			isa = PBXNativeTarget;
			buildConfigurationList = 4792A4D52B0B3340005E6122 /* Build configuration list for PBXNativeTarget "MySecondProjectUITests" */;
			buildPhases = (
				4792A4C12B0B3340005E6122 /* Sources */,
				4792A4C22B0B3340005E6122 /* Frameworks */,
				4792A4C32B0B3340005E6122 /* Resources */,
			);
			buildRules = (
			);
			dependencies = (
				4792A4C72B0B3340005E6122 /* PBXTargetDependency */,
			);
			name = MySecondProjectUITests;
			productName = MySecondProjectUITests;
			productReference = 4792A4C52B0B3340005E6122 /* MySecondProjectUITests.xctest */;
			productType = "com.apple.product-type.bundle.ui-testing";
		};
/* End PBXNativeTarget section */

/* Begin PBXProject section */
		4792A49D2B0B333F005E6122 /* Project object */ = {
			isa = PBXProject;
			attributes = {
				BuildIndependentTargetsInParallel = 1;
				LastSwiftUpdateCheck = 1500;
				LastUpgradeCheck = 1500;
				TargetAttributes = {
					4792A4A42B0B333F005E6122 = {
						CreatedOnToolsVersion = 15.0.1;
					};
					4792A4BA2B0B3340005E6122 = {
						CreatedOnToolsVersion = 15.0.1;
						TestTargetID = 4792A4A42B0B333F005E6122;
					};
					4792A4C42B0B3340005E6122 = {
						CreatedOnToolsVersion = 15.0.1;
						TestTargetID = 4792A4A42B0B333F005E6122;
					};
				};
			};
			buildConfigurationList = 4792A4A02B0B333F005E6122 /* Build configuration list for PBXProject "MySecondProject" */;
			compatibilityVersion = "Xcode 14.0";
			developmentRegion = en;
			hasScannedForEncodings = 0;
			knownRegions = (
				en,
				Base,
			);
			mainGroup = 4792A49C2B0B333F005E6122;
			productRefGroup = 4792A4A62B0B333F005E6122 /* Products */;
			projectDirPath = "";
			projectRoot = "";
			targets = (
				4792A4A42B0B333F005E6122 /* MySecondProject */,
				4792A4BA2B0B3340005E6122 /* MySecondProjectTests */,
				4792A4C42B0B3340005E6122 /* MySecondProjectUITests */,
			);
		};
/* End PBXProject section */

/* Begin PBXResourcesBuildPhase section */
		4792A4A32B0B333F005E6122 /* Resources */ = {
			isa = PBXResourcesBuildPhase;
			buildActionMask = 2147483647;
			files = (
				4792A4B52B0B3340005E6122 /* LaunchScreen.storyboard in Resources */,
				4792A4B22B0B3340005E6122 /* Assets.xcassets in Resources */,
				4792A4B02B0B333F005E6122 /* Main.storyboard in Resources */,
			);
			runOnlyForDeploymentPostprocessing = 0;
		};
		4792A4B92B0B3340005E6122 /* Resources */ = {
			isa = PBXResourcesBuildPhase;
			buildActionMask = 2147483647;
			files = (
			);
			runOnlyForDeploymentPostprocessing = 0;
		};
		4792A4C32B0B3340005E6122 /* Resources */ = {
			isa = PBXResourcesBuildPhase;
			buildActionMask = 2147483647;
			files = (
			);
			runOnlyForDeploymentPostprocessing = 0;
		};
/* End PBXResourcesBuildPhase section */

/* Begin PBXSourcesBuildPhase section */
		4792A4A12B0B333F005E6122 /* Sources */ = {
			isa = PBXSourcesBuildPhase;
			buildActionMask = 2147483647;
			files = (
				4792A4AD2B0B333F005E6122 /* ViewController.swift in Sources */,
				4792A4A92B0B333F005E6122 /* AppDelegate.swift in Sources */,
				4792A4AB2B0B333F005E6122 /* SceneDelegate.swift in Sources */,
			);
			runOnlyForDeploymentPostprocessing = 0;
		};
		4792A4B72B0B3340005E6122 /* Sources */ = {
			isa = PBXSourcesBuildPhase;
			buildActionMask = 2147483647;
			files = (
				4792A4C02B0B3340005E6122 /* MySecondProjectTests.swift in Sources */,
			);
			runOnlyForDeploymentPostprocessing = 0;
		};
		4792A4C12B0B3340005E6122 /* Sources */ = {
			isa = PBXSourcesBuildPhase;
			buildActionMask = 2147483647;
			files = (
				4792A4CC2B0B3340005E6122 /* MySecondProjectUITestsLaunchTests.swift in Sources */,
				4792A4CA2B0B3340005E6122 /* MySecondProjectUITests.swift in Sources */,
			);
			runOnlyForDeploymentPostprocessing = 0;
		};
/* End PBXSourcesBuildPhase section */

/* Begin PBXTargetDependency section */
		4792A4BD2B0B3340005E6122 /* PBXTargetDependency */ = {
			isa = PBXTargetDependency;
			target = 4792A4A42B0B333F005E6122 /* MySecondProject */;
			targetProxy = 4792A4BC2B0B3340005E6122 /* PBXContainerItemProxy */;
		};
		4792A4C72B0B3340005E6122 /* PBXTargetDependency */ = {
			isa = PBXTargetDependency;
			target = 4792A4A42B0B333F005E6122 /* MySecondProject */;
			targetProxy = 4792A4C62B0B3340005E6122 /* PBXContainerItemProxy */;
		};
/* End PBXTargetDependency section */

/* Begin PBXVariantGroup section */
		4792A4AE2B0B333F005E6122 /* Main.storyboard */ = {
			isa = PBXVariantGroup;
			children = (
				4792A4AF2B0B333F005E6122 /* Base */,
			);
			name = Main.storyboard;
			sourceTree = "<group>";
		};
		4792A4B32B0B3340005E6122 /* LaunchScreen.storyboard */ = {
			isa = PBXVariantGroup;
			children = (
				4792A4B42B0B3340005E6122 /* Base */,
			);
			name = LaunchScreen.storyboard;
			sourceTree = "<group>";
		};
/* End PBXVariantGroup section */

/* Begin XCBuildConfiguration section */
		4792A4CD2B0B3340005E6122 /* Debug */ = {
			isa = XCBuildConfiguration;
			buildSettings = {
				ALWAYS_SEARCH_USER_PATHS = NO;
				ASSETCATALOG_COMPILER_GENERATE_SWIFT_ASSET_SYMBOL_EXTENSIONS = YES;
				CLANG_ANALYZER_NONNULL = YES;
				CLANG_ANALYZER_NUMBER_OBJECT_CONVERSION = YES_AGGRESSIVE;
				CLANG_CXX_LANGUAGE_STANDARD = "gnu++20";
				CLANG_ENABLE_MODULES = YES;
				CLANG_ENABLE_OBJC_ARC = YES;
				CLANG_ENABLE_OBJC_WEAK = YES;
				CLANG_WARN_BLOCK_CAPTURE_AUTORELEASING = YES;
				CLANG_WARN_BOOL_CONVERSION = YES;
				CLANG_WARN_COMMA = YES;
				CLANG_WARN_CONSTANT_CONVERSION = YES;
				CLANG_WARN_DEPRECATED_OBJC_IMPLEMENTATIONS = YES;
				CLANG_WARN_DIRECT_OBJC_ISA_USAGE = YES_ERROR;
				CLANG_WARN_DOCUMENTATION_COMMENTS = YES;
				CLANG_WARN_EMPTY_BODY = YES;
				CLANG_WARN_ENUM_CONVERSION = YES;
				CLANG_WARN_INFINITE_RECURSION = YES;
				CLANG_WARN_INT_CONVERSION = YES;
				CLANG_WARN_NON_LITERAL_NULL_CONVERSION = YES;
				CLANG_WARN_OBJC_IMPLICIT_RETAIN_SELF = YES;
				CLANG_WARN_OBJC_LITERAL_CONVERSION = YES;
				CLANG_WARN_OBJC_ROOT_CLASS = YES_ERROR;
				CLANG_WARN_QUOTED_INCLUDE_IN_FRAMEWORK_HEADER = YES;
				CLANG_WARN_RANGE_LOOP_ANALYSIS = YES;
				CLANG_WARN_STRICT_PROTOTYPES = YES;
				CLANG_WARN_SUSPICIOUS_MOVE = YES;
				CLANG_WARN_UNGUARDED_AVAILABILITY = YES_AGGRESSIVE;
				CLANG_WARN_UNREACHABLE_CODE = YES;
				CLANG_WARN__DUPLICATE_METHOD_MATCH = YES;
				COPY_PHASE_STRIP = NO;
				DEBUG_INFORMATION_FORMAT = dwarf;
				ENABLE_STRICT_OBJC_MSGSEND = YES;
				ENABLE_TESTABILITY = YES;
				ENABLE_USER_SCRIPT_SANDBOXING = YES;
				GCC_C_LANGUAGE_STANDARD = gnu17;
				GCC_DYNAMIC_NO_PIC = NO;
				GCC_NO_COMMON_BLOCKS = YES;
				GCC_OPTIMIZATION_LEVEL = 0;
				GCC_PREPROCESSOR_DEFINITIONS = (
					"DEBUG=1",
					"$(inherited)",
				);
				GCC_WARN_64_TO_32_BIT_CONVERSION = YES;
				GCC_WARN_ABOUT_RETURN_TYPE = YES_ERROR;
				GCC_WARN_UNDECLARED_SELECTOR = YES;
				GCC_WARN_UNINITIALIZED_AUTOS = YES_AGGRESSIVE;
				GCC_WARN_UNUSED_FUNCTION = YES;
				GCC_WARN_UNUSED_VARIABLE = YES;
				IPHONEOS_DEPLOYMENT_TARGET = 17.0;
				LOCALIZATION_PREFERS_STRING_CATALOGS = YES;
				MTL_ENABLE_DEBUG_INFO = INCLUDE_SOURCE;
				MTL_FAST_MATH = YES;
				ONLY_ACTIVE_ARCH = YES;
				SDKROOT = iphoneos;
				SWIFT_ACTIVE_COMPILATION_CONDITIONS = "DEBUG $(inherited)";
				SWIFT_OPTIMIZATION_LEVEL = "-Onone";
			};
			name = Debug;
		};
		4792A4CE2B0B3340005E6122 /* Release */ = {
			isa = XCBuildConfiguration;
			buildSettings = {
				ALWAYS_SEARCH_USER_PATHS = NO;
				ASSETCATALOG_COMPILER_GENERATE_SWIFT_ASSET_SYMBOL_EXTENSIONS = YES;
				CLANG_ANALYZER_NONNULL = YES;
				CLANG_ANALYZER_NUMBER_OBJECT_CONVERSION = YES_AGGRESSIVE;
				CLANG_CXX_LANGUAGE_STANDARD = "gnu++20";
				CLANG_ENABLE_MODULES = YES;
				CLANG_ENABLE_OBJC_ARC = YES;
				CLANG_ENABLE_OBJC_WEAK = YES;
				CLANG_WARN_BLOCK_CAPTURE_AUTORELEASING = YES;
				CLANG_WARN_BOOL_CONVERSION = YES;
				CLANG_WARN_COMMA = YES;
				CLANG_WARN_CONSTANT_CONVERSION = YES;
				CLANG_WARN_DEPRECATED_OBJC_IMPLEMENTATIONS = YES;
				CLANG_WARN_DIRECT_OBJC_ISA_USAGE = YES_ERROR;
				CLANG_WARN_DOCUMENTATION_COMMENTS = YES;
				CLANG_WARN_EMPTY_BODY = YES;
				CLANG_WARN_ENUM_CONVERSION = YES;
				CLANG_WARN_INFINITE_RECURSION = YES;
				CLANG_WARN_INT_CONVERSION = YES;
				CLANG_WARN_NON_LITERAL_NULL_CONVERSION = YES;
				CLANG_WARN_OBJC_IMPLICIT_RETAIN_SELF = YES;
				CLANG_WARN_OBJC_LITERAL_CONVERSION = YES;
				CLANG_WARN_OBJC_ROOT_CLASS = YES_ERROR;
				CLANG_WARN_QUOTED_INCLUDE_IN_FRAMEWORK_HEADER = YES;
				CLANG_WARN_RANGE_LOOP_ANALYSIS = YES;
				CLANG_WARN_STRICT_PROTOTYPES = YES;
				CLANG_WARN_SUSPICIOUS_MOVE = YES;
				CLANG_WARN_UNGUARDED_AVAILABILITY = YES_AGGRESSIVE;
				CLANG_WARN_UNREACHABLE_CODE = YES;
				CLANG_WARN__DUPLICATE_METHOD_MATCH = YES;
				COPY_PHASE_STRIP = NO;
				DEBUG_INFORMATION_FORMAT = "dwarf-with-dsym";
				ENABLE_NS_ASSERTIONS = NO;
				ENABLE_STRICT_OBJC_MSGSEND = YES;
				ENABLE_USER_SCRIPT_SANDBOXING = YES;
				GCC_C_LANGUAGE_STANDARD = gnu17;
				GCC_NO_COMMON_BLOCKS = YES;
				GCC_WARN_64_TO_32_BIT_CONVERSION = YES;
				GCC_WARN_ABOUT_RETURN_TYPE = YES_ERROR;
				GCC_WARN_UNDECLARED_SELECTOR = YES;
				GCC_WARN_UNINITIALIZED_AUTOS = YES_AGGRESSIVE;
				GCC_WARN_UNUSED_FUNCTION = YES;
				GCC_WARN_UNUSED_VARIABLE = YES;
				IPHONEOS_DEPLOYMENT_TARGET = 17.0;
				LOCALIZATION_PREFERS_STRING_CATALOGS = YES;
				MTL_ENABLE_DEBUG_INFO = NO;
				MTL_FAST_MATH = YES;
				SDKROOT = iphoneos;
				SWIFT_COMPILATION_MODE = wholemodule;
				VALIDATE_PRODUCT = YES;
			};
			name = Release;
		};
		4792A4D02B0B3340005E6122 /* Debug */ = {
			isa = XCBuildConfiguration;
			buildSettings = {
				ASSETCATALOG_COMPILER_APPICON_NAME = AppIcon;
				ASSETCATALOG_COMPILER_GLOBAL_ACCENT_COLOR_NAME = AccentColor;
				CODE_SIGN_STYLE = Automatic;
				CURRENT_PROJECT_VERSION = 1;
				GENERATE_INFOPLIST_FILE = YES;
				INFOPLIST_FILE = MySecondProject/Info.plist;
				INFOPLIST_KEY_UIApplicationSupportsIndirectInputEvents = YES;
				INFOPLIST_KEY_UILaunchStoryboardName = LaunchScreen;
				INFOPLIST_KEY_UIMainStoryboardFile = Main;
				INFOPLIST_KEY_UISupportedInterfaceOrientations_iPad = "UIInterfaceOrientationPortrait UIInterfaceOrientationPortraitUpsideDown UIInterfaceOrientationLandscapeLeft UIInterfaceOrientationLandscapeRight";
				INFOPLIST_KEY_UISupportedInterfaceOrientations_iPhone = "UIInterfaceOrientationPortrait UIInterfaceOrientationLandscapeLeft UIInterfaceOrientationLandscapeRight";
				LD_RUNPATH_SEARCH_PATHS = (
					"$(inherited)",
					"@executable_path/Frameworks",
				);
				MARKETING_VERSION = 1.0;
				PRODUCT_BUNDLE_IDENTIFIER = com.yoo.MySecondProject;
				PRODUCT_NAME = "$(TARGET_NAME)";
				SWIFT_EMIT_LOC_STRINGS = YES;
				SWIFT_VERSION = 5.0;
				TARGETED_DEVICE_FAMILY = "1,2";
			};
			name = Debug;
		};
		4792A4D12B0B3340005E6122 /* Release */ = {
			isa = XCBuildConfiguration;
			buildSettings = {
				ASSETCATALOG_COMPILER_APPICON_NAME = AppIcon;
				ASSETCATALOG_COMPILER_GLOBAL_ACCENT_COLOR_NAME = AccentColor;
				CODE_SIGN_STYLE = Automatic;
				CURRENT_PROJECT_VERSION = 1;
				GENERATE_INFOPLIST_FILE = YES;
				INFOPLIST_FILE = MySecondProject/Info.plist;
				INFOPLIST_KEY_UIApplicationSupportsIndirectInputEvents = YES;
				INFOPLIST_KEY_UILaunchStoryboardName = LaunchScreen;
				INFOPLIST_KEY_UIMainStoryboardFile = Main;
				INFOPLIST_KEY_UISupportedInterfaceOrientations_iPad = "UIInterfaceOrientationPortrait UIInterfaceOrientationPortraitUpsideDown UIInterfaceOrientationLandscapeLeft UIInterfaceOrientationLandscapeRight";
				INFOPLIST_KEY_UISupportedInterfaceOrientations_iPhone = "UIInterfaceOrientationPortrait UIInterfaceOrientationLandscapeLeft UIInterfaceOrientationLandscapeRight";
				LD_RUNPATH_SEARCH_PATHS = (
					"$(inherited)",
					"@executable_path/Frameworks",
				);
				MARKETING_VERSION = 1.0;
				PRODUCT_BUNDLE_IDENTIFIER = com.yoo.MySecondProject;
				PRODUCT_NAME = "$(TARGET_NAME)";
				SWIFT_EMIT_LOC_STRINGS = YES;
				SWIFT_VERSION = 5.0;
				TARGETED_DEVICE_FAMILY = "1,2";
			};
			name = Release;
		};
		4792A4D32B0B3340005E6122 /* Debug */ = {
			isa = XCBuildConfiguration;
			buildSettings = {
				ALWAYS_EMBED_SWIFT_STANDARD_LIBRARIES = YES;
				BUNDLE_LOADER = "$(TEST_HOST)";
				CODE_SIGN_STYLE = Automatic;
				CURRENT_PROJECT_VERSION = 1;
				GENERATE_INFOPLIST_FILE = YES;
				IPHONEOS_DEPLOYMENT_TARGET = 17.0;
				MARKETING_VERSION = 1.0;
				PRODUCT_BUNDLE_IDENTIFIER = com.yoo.MySecondProjectTests;
				PRODUCT_NAME = "$(TARGET_NAME)";
				SWIFT_EMIT_LOC_STRINGS = NO;
				SWIFT_VERSION = 5.0;
				TARGETED_DEVICE_FAMILY = "1,2";
				TEST_HOST = "$(BUILT_PRODUCTS_DIR)/MySecondProject.app/$(BUNDLE_EXECUTABLE_FOLDER_PATH)/MySecondProject";
			};
			name = Debug;
		};
		4792A4D42B0B3340005E6122 /* Release */ = {
			isa = XCBuildConfiguration;
			buildSettings = {
				ALWAYS_EMBED_SWIFT_STANDARD_LIBRARIES = YES;
				BUNDLE_LOADER = "$(TEST_HOST)";
				CODE_SIGN_STYLE = Automatic;
				CURRENT_PROJECT_VERSION = 1;
				GENERATE_INFOPLIST_FILE = YES;
				IPHONEOS_DEPLOYMENT_TARGET = 17.0;
				MARKETING_VERSION = 1.0;
				PRODUCT_BUNDLE_IDENTIFIER = com.yoo.MySecondProjectTests;
				PRODUCT_NAME = "$(TARGET_NAME)";
				SWIFT_EMIT_LOC_STRINGS = NO;
				SWIFT_VERSION = 5.0;
				TARGETED_DEVICE_FAMILY = "1,2";
				TEST_HOST = "$(BUILT_PRODUCTS_DIR)/MySecondProject.app/$(BUNDLE_EXECUTABLE_FOLDER_PATH)/MySecondProject";
			};
			name = Release;
		};
		4792A4D62B0B3340005E6122 /* Debug */ = {
			isa = XCBuildConfiguration;
			buildSettings = {
				ALWAYS_EMBED_SWIFT_STANDARD_LIBRARIES = YES;
				CODE_SIGN_STYLE = Automatic;
				CURRENT_PROJECT_VERSION = 1;
				GENERATE_INFOPLIST_FILE = YES;
				MARKETING_VERSION = 1.0;
				PRODUCT_BUNDLE_IDENTIFIER = com.yoo.MySecondProjectUITests;
				PRODUCT_NAME = "$(TARGET_NAME)";
				SWIFT_EMIT_LOC_STRINGS = NO;
				SWIFT_VERSION = 5.0;
				TARGETED_DEVICE_FAMILY = "1,2";
				TEST_TARGET_NAME = MySecondProject;
			};
			name = Debug;
		};
		4792A4D72B0B3340005E6122 /* Release */ = {
			isa = XCBuildConfiguration;
			buildSettings = {
				ALWAYS_EMBED_SWIFT_STANDARD_LIBRARIES = YES;
				CODE_SIGN_STYLE = Automatic;
				CURRENT_PROJECT_VERSION = 1;
				GENERATE_INFOPLIST_FILE = YES;
				MARKETING_VERSION = 1.0;
				PRODUCT_BUNDLE_IDENTIFIER = com.yoo.MySecondProjectUITests;
				PRODUCT_NAME = "$(TARGET_NAME)";
				SWIFT_EMIT_LOC_STRINGS = NO;
				SWIFT_VERSION = 5.0;
				TARGETED_DEVICE_FAMILY = "1,2";
				TEST_TARGET_NAME = MySecondProject;
			};
			name = Release;
		};
/* End XCBuildConfiguration section */

/* Begin XCConfigurationList section */
		4792A4A02B0B333F005E6122 /* Build configuration list for PBXProject "MySecondProject" */ = {
			isa = XCConfigurationList;
			buildConfigurations = (
				4792A4CD2B0B3340005E6122 /* Debug */,
				4792A4CE2B0B3340005E6122 /* Release */,
			);
			defaultConfigurationIsVisible = 0;
			defaultConfigurationName = Release;
		};
		4792A4CF2B0B3340005E6122 /* Build configuration list for PBXNativeTarget "MySecondProject" */ = {
			isa = XCConfigurationList;
			buildConfigurations = (
				4792A4D02B0B3340005E6122 /* Debug */,
				4792A4D12B0B3340005E6122 /* Release */,
			);
			defaultConfigurationIsVisible = 0;
			defaultConfigurationName = Release;
		};
		4792A4D22B0B3340005E6122 /* Build configuration list for PBXNativeTarget "MySecondProjectTests" */ = {
			isa = XCConfigurationList;
			buildConfigurations = (
				4792A4D32B0B3340005E6122 /* Debug */,
				4792A4D42B0B3340005E6122 /* Release */,
			);
			defaultConfigurationIsVisible = 0;
			defaultConfigurationName = Release;
		};
		4792A4D52B0B3340005E6122 /* Build configuration list for PBXNativeTarget "MySecondProjectUITests" */ = {
			isa = XCConfigurationList;
			buildConfigurations = (
				4792A4D62B0B3340005E6122 /* Debug */,
				4792A4D72B0B3340005E6122 /* Release */,
			);
			defaultConfigurationIsVisible = 0;
			defaultConfigurationName = Release;
		};
/* End XCConfigurationList section */
	};
	rootObject = 4792A49D2B0B333F005E6122 /* Project object */;
}
